
Microsoft Visual Studio Solution File, Format Version 12.00
# Visual Studio Version 17
VisualStudioVersion = 17.4.33122.133
MinimumVisualStudioVersion = 10.0.40219.1
Project("{9A19103F-16F7-4668-BE54-9A1E7A4F7556}") = "SGA", "SGA.csproj", "{BE6D44CB-6C62-47B5-A9B3-0D2CB498A426}"
EndProject
Global
	GlobalSection(SolutionConfigurationPlatforms) = preSolution
		Debug|Any CPU = Debug|Any CPU
		Release|Any CPU = Release|Any CPU
	EndGlobalSection
	GlobalSection(ProjectConfigurationPlatforms) = postSolution
		{BE6D44CB-6C62-47B5-A9B3-0D2CB498A426}.Debug|Any CPU.ActiveCfg = Debug|Any CPU
		{BE6D44CB-6C62-47B5-A9B3-0D2CB498A426}.Debug|Any CPU.Build.0 = Debug|Any CPU
		{BE6D44CB-6C62-47B5-A9B3-0D2CB498A426}.Release|Any CPU.ActiveCfg = Release|Any CPU
		{BE6D44CB-6C62-47B5-A9B3-0D2CB498A426}.Release|Any CPU.Build.0 = Release|Any CPU
	EndGlobalSection
	GlobalSection(SolutionProperties) = preSolution
		HideSolutionNode = FALSE
	EndGlobalSection
	GlobalSection(ExtensibilityGlobals) = postSolution
		SolutionGuid = {BB57D83E-0759-4677-9F67-728B2481BFE3}
	EndGlobalSection
EndGlobal
